
Microsoft Visual Studio Solution File, Format Version 12.00
# Visual Studio 15
VisualStudioVersion = 15.0.27004.2010
MinimumVisualStudioVersion = 10.0.40219.1
Project("{FAE04EC0-301F-11D3-BF4B-00C04F79EFBC}") = "SpeechTherapy.Model", "SpeechTherapy.Model\SpeechTherapy.Model.csproj", "{1972AC92-0A6D-4519-9098-802ED7A98B75}"
EndProject
Project("{FAE04EC0-301F-11D3-BF4B-00C04F79EFBC}") = "SpeechTherapy.Service", "SpeechTherapy.Service\SpeechTherapy.Service.csproj", "{A4827110-3EA2-4637-9137-4D461F99E3F4}"
EndProject
Project("{FAE04EC0-301F-11D3-BF4B-00C04F79EFBC}") = "SpeechTherapy.WebAPI", "SpeechTherapy.WebAPI\SpeechTherapy.WebAPI.csproj", "{F78CFCD7-9F00-4112-B0CD-5BE5ACC0B33A}"
EndProject
Project("{E24C65DC-7377-472B-9ABA-BC803B73C61A}") = "WebUI", "WebUI\", "{3555EA21-6D95-4160-8CA3-CD064A1B161E}"
	ProjectSection(WebsiteProperties) = preProject
		TargetFrameworkMoniker = ".NETFramework,Version%3Dv4.0"
		Debug.AspNetCompiler.VirtualPath = "/localhost_51440"
		Debug.AspNetCompiler.PhysicalPath = "WebUI\"
		Debug.AspNetCompiler.TargetPath = "PrecompiledWeb\localhost_51440\"
		Debug.AspNetCompiler.Updateable = "true"
		Debug.AspNetCompiler.ForceOverwrite = "true"
		Debug.AspNetCompiler.FixedNames = "false"
		Debug.AspNetCompiler.Debug = "True"
		Release.AspNetCompiler.VirtualPath = "/localhost_51440"
		Release.AspNetCompiler.PhysicalPath = "WebUI\"
		Release.AspNetCompiler.TargetPath = "PrecompiledWeb\localhost_51440\"
		Release.AspNetCompiler.Updateable = "true"
		Release.AspNetCompiler.ForceOverwrite = "true"
		Release.AspNetCompiler.FixedNames = "false"
		Release.AspNetCompiler.Debug = "False"
		VWDPort = "51440"
		SlnRelativePath = "WebUI\"
	EndProjectSection
EndProject
Global
	GlobalSection(SolutionConfigurationPlatforms) = preSolution
		Debug|Any CPU = Debug|Any CPU
		Release|Any CPU = Release|Any CPU
	EndGlobalSection
	GlobalSection(ProjectConfigurationPlatforms) = postSolution
		{1972AC92-0A6D-4519-9098-802ED7A98B75}.Debug|Any CPU.ActiveCfg = Debug|Any CPU
		{1972AC92-0A6D-4519-9098-802ED7A98B75}.Debug|Any CPU.Build.0 = Debug|Any CPU
		{1972AC92-0A6D-4519-9098-802ED7A98B75}.Release|Any CPU.ActiveCfg = Release|Any CPU
		{1972AC92-0A6D-4519-9098-802ED7A98B75}.Release|Any CPU.Build.0 = Release|Any CPU
		{A4827110-3EA2-4637-9137-4D461F99E3F4}.Debug|Any CPU.ActiveCfg = Debug|Any CPU
		{A4827110-3EA2-4637-9137-4D461F99E3F4}.Debug|Any CPU.Build.0 = Debug|Any CPU
		{A4827110-3EA2-4637-9137-4D461F99E3F4}.Release|Any CPU.ActiveCfg = Release|Any CPU
		{A4827110-3EA2-4637-9137-4D461F99E3F4}.Release|Any CPU.Build.0 = Release|Any CPU
		{F78CFCD7-9F00-4112-B0CD-5BE5ACC0B33A}.Debug|Any CPU.ActiveCfg = Debug|Any CPU
		{F78CFCD7-9F00-4112-B0CD-5BE5ACC0B33A}.Debug|Any CPU.Build.0 = Debug|Any CPU
		{F78CFCD7-9F00-4112-B0CD-5BE5ACC0B33A}.Release|Any CPU.ActiveCfg = Release|Any CPU
		{F78CFCD7-9F00-4112-B0CD-5BE5ACC0B33A}.Release|Any CPU.Build.0 = Release|Any CPU
		{3555EA21-6D95-4160-8CA3-CD064A1B161E}.Debug|Any CPU.ActiveCfg = Debug|Any CPU
		{3555EA21-6D95-4160-8CA3-CD064A1B161E}.Debug|Any CPU.Build.0 = Debug|Any CPU
		{3555EA21-6D95-4160-8CA3-CD064A1B161E}.Release|Any CPU.ActiveCfg = Debug|Any CPU
		{3555EA21-6D95-4160-8CA3-CD064A1B161E}.Release|Any CPU.Build.0 = Debug|Any CPU
	EndGlobalSection
	GlobalSection(SolutionProperties) = preSolution
		HideSolutionNode = FALSE
	EndGlobalSection
	GlobalSection(ExtensibilityGlobals) = postSolution
		SolutionGuid = {DE0B6347-9431-47D4-BFB1-5A45129D159B}
	EndGlobalSection
EndGlobal
